
Microsoft Visual Studio Solution File, Format Version 11.00
# Visual Studio 2010
Project("{FAE04EC0-301F-11D3-BF4B-00C04F79EFBC}") = "NewRelic.Platform.Sdk", "NewRelic.Platform.Sdk\NewRelic.Platform.Sdk.csproj", "{6A9DC6C5-280E-42B9-AE30-B66803DF20B6}"
EndProject
Project("{2150E333-8FDC-42A3-9474-1A3956D46DE8}") = "Solution Items", "Solution Items", "{40D1A74E-1E93-4EC9-8202-08CEF9AC558A}"
	ProjectSection(SolutionItems) = preProject
		Local.testsettings = Local.testsettings
		NewRelic.Platform.Sdk.vsmdi = NewRelic.Platform.Sdk.vsmdi
		TraceAndTestImpact.testsettings = TraceAndTestImpact.testsettings
	EndProjectSection
EndProject
Project("{FAE04EC0-301F-11D3-BF4B-00C04F79EFBC}") = "NewRelic.Platform.Sdk.UnitTests", "NewRelic.Platform.Sdk.UnitTests\NewRelic.Platform.Sdk.UnitTests.csproj", "{27A3FE83-DED5-474D-B869-753A1566D578}"
EndProject
Global
	GlobalSection(TestCaseManagementSettings) = postSolution
		CategoryFile = NewRelic.Platform.Sdk.vsmdi
	EndGlobalSection
	GlobalSection(SolutionConfigurationPlatforms) = preSolution
		Debug|Any CPU = Debug|Any CPU
		Debug|Mixed Platforms = Debug|Mixed Platforms
		Debug|x86 = Debug|x86
		Release|Any CPU = Release|Any CPU
		Release|Mixed Platforms = Release|Mixed Platforms
		Release|x86 = Release|x86
	EndGlobalSection
	GlobalSection(ProjectConfigurationPlatforms) = postSolution
		{6A9DC6C5-280E-42B9-AE30-B66803DF20B6}.Debug|Any CPU.ActiveCfg = Debug|Any CPU
		{6A9DC6C5-280E-42B9-AE30-B66803DF20B6}.Debug|Any CPU.Build.0 = Debug|Any CPU
		{6A9DC6C5-280E-42B9-AE30-B66803DF20B6}.Debug|Mixed Platforms.ActiveCfg = Debug|Any CPU
		{6A9DC6C5-280E-42B9-AE30-B66803DF20B6}.Debug|Mixed Platforms.Build.0 = Debug|Any CPU
		{6A9DC6C5-280E-42B9-AE30-B66803DF20B6}.Debug|x86.ActiveCfg = Debug|Any CPU
		{6A9DC6C5-280E-42B9-AE30-B66803DF20B6}.Release|Any CPU.ActiveCfg = Release|Any CPU
		{6A9DC6C5-280E-42B9-AE30-B66803DF20B6}.Release|Any CPU.Build.0 = Release|Any CPU
		{6A9DC6C5-280E-42B9-AE30-B66803DF20B6}.Release|Mixed Platforms.ActiveCfg = Release|Any CPU
		{6A9DC6C5-280E-42B9-AE30-B66803DF20B6}.Release|Mixed Platforms.Build.0 = Release|Any CPU
		{6A9DC6C5-280E-42B9-AE30-B66803DF20B6}.Release|x86.ActiveCfg = Release|Any CPU
		{27A3FE83-DED5-474D-B869-753A1566D578}.Debug|Any CPU.ActiveCfg = Debug|Any CPU
		{27A3FE83-DED5-474D-B869-753A1566D578}.Debug|Any CPU.Build.0 = Debug|Any CPU
		{27A3FE83-DED5-474D-B869-753A1566D578}.Debug|Mixed Platforms.ActiveCfg = Debug|Any CPU
		{27A3FE83-DED5-474D-B869-753A1566D578}.Debug|Mixed Platforms.Build.0 = Debug|Any CPU
		{27A3FE83-DED5-474D-B869-753A1566D578}.Debug|x86.ActiveCfg = Debug|Any CPU
		{27A3FE83-DED5-474D-B869-753A1566D578}.Release|Any CPU.ActiveCfg = Release|Any CPU
		{27A3FE83-DED5-474D-B869-753A1566D578}.Release|Any CPU.Build.0 = Release|Any CPU
		{27A3FE83-DED5-474D-B869-753A1566D578}.Release|Mixed Platforms.ActiveCfg = Release|Any CPU
		{27A3FE83-DED5-474D-B869-753A1566D578}.Release|Mixed Platforms.Build.0 = Release|Any CPU
		{27A3FE83-DED5-474D-B869-753A1566D578}.Release|x86.ActiveCfg = Release|Any CPU
	EndGlobalSection
	GlobalSection(SolutionProperties) = preSolution
		HideSolutionNode = FALSE
	EndGlobalSection
EndGlobal
